
Microsoft Visual Studio Solution File, Format Version 12.00
# Visual Studio Version 17
VisualStudioVersion = 17.3.32901.215
MinimumVisualStudioVersion = 10.0.40219.1
Project("{FAE04EC0-301F-11D3-BF4B-00C04F79EFBC}") = "AtYarisi", "AtYarisi\AtYarisi.csproj", "{43FE1D17-6376-4ACE-A55A-B2667D40A51C}"
EndProject
Global
	GlobalSection(SolutionConfigurationPlatforms) = preSolution
		Debug|Any CPU = Debug|Any CPU
		Release|Any CPU = Release|Any CPU
	EndGlobalSection
	GlobalSection(ProjectConfigurationPlatforms) = postSolution
		{43FE1D17-6376-4ACE-A55A-B2667D40A51C}.Debug|Any CPU.ActiveCfg = Debug|Any CPU
		{43FE1D17-6376-4ACE-A55A-B2667D40A51C}.Debug|Any CPU.Build.0 = Debug|Any CPU
		{43FE1D17-6376-4ACE-A55A-B2667D40A51C}.Release|Any CPU.ActiveCfg = Release|Any CPU
		{43FE1D17-6376-4ACE-A55A-B2667D40A51C}.Release|Any CPU.Build.0 = Release|Any CPU
	EndGlobalSection
	GlobalSection(SolutionProperties) = preSolution
		HideSolutionNode = FALSE
	EndGlobalSection
	GlobalSection(ExtensibilityGlobals) = postSolution
		SolutionGuid = {8583F820-CB54-46B7-98D2-2C7655AFB42F}
	EndGlobalSection
EndGlobal
